
Microsoft Visual Studio Solution File, Format Version 12.00
# Visual Studio 14
VisualStudioVersion = 14.0.23107.0
MinimumVisualStudioVersion = 10.0.40219.1
Project("{F088123C-0E9E-452A-89E6-6BA2F21D5CAC}") = "BridgeUI", "FlexibleUI\BridgeUI.modelproj", "{9718CF21-289E-43F3-B031-DEF0DD93ED3C}"
EndProject
Project("{FAE04EC0-301F-11D3-BF4B-00C04F79EFBC}") = "FlexibleUILib", "FlexibleUILib\FlexibleUILib.csproj", "{E4DC33C6-EB64-4F6A-8639-09DDBE07838C}"
EndProject
Global
	GlobalSection(SolutionConfigurationPlatforms) = preSolution
		Debug|Any CPU = Debug|Any CPU
		Release|Any CPU = Release|Any CPU
	EndGlobalSection
	GlobalSection(ProjectConfigurationPlatforms) = postSolution
		{9718CF21-289E-43F3-B031-DEF0DD93ED3C}.Debug|Any CPU.ActiveCfg = Debug|Any CPU
		{9718CF21-289E-43F3-B031-DEF0DD93ED3C}.Debug|Any CPU.Build.0 = Debug|Any CPU
		{9718CF21-289E-43F3-B031-DEF0DD93ED3C}.Release|Any CPU.ActiveCfg = Release|Any CPU
		{9718CF21-289E-43F3-B031-DEF0DD93ED3C}.Release|Any CPU.Build.0 = Release|Any CPU
		{E4DC33C6-EB64-4F6A-8639-09DDBE07838C}.Debug|Any CPU.ActiveCfg = Debug|Any CPU
		{E4DC33C6-EB64-4F6A-8639-09DDBE07838C}.Debug|Any CPU.Build.0 = Debug|Any CPU
		{E4DC33C6-EB64-4F6A-8639-09DDBE07838C}.Release|Any CPU.ActiveCfg = Release|Any CPU
		{E4DC33C6-EB64-4F6A-8639-09DDBE07838C}.Release|Any CPU.Build.0 = Release|Any CPU
	EndGlobalSection
	GlobalSection(SolutionProperties) = preSolution
		HideSolutionNode = FALSE
	EndGlobalSection
EndGlobal
